
Microsoft Visual Studio Solution File, Format Version 12.00
# Visual Studio 15
VisualStudioVersion = 15.0.26730.15
MinimumVisualStudioVersion = 10.0.40219.1
Project("{FAE04EC0-301F-11D3-BF4B-00C04F79EFBC}") = "01. Debit Card Number", "01. Debit Card Number\01. Debit Card Number.csproj", "{4FBD87AD-A1EF-4843-9EDD-9E39E2E5FE0F}"
EndProject
Project("{FAE04EC0-301F-11D3-BF4B-00C04F79EFBC}") = "02.RectangleArea", "02.RectangleArea\02.RectangleArea.csproj", "{085697DC-6195-419B-9F7D-638CACA1D4B3}"
EndProject
Project("{FAE04EC0-301F-11D3-BF4B-00C04F79EFBC}") = "03.MilesToKilometers", "03.MilesToKilometers\03.MilesToKilometers.csproj", "{5B8E39BC-A148-427D-9C82-941FF3AF61CD}"
EndProject
Project("{FAE04EC0-301F-11D3-BF4B-00C04F79EFBC}") = "04.BeverageLabels", "04.BeverageLabels\04.BeverageLabels.csproj", "{8EE0D920-3084-4D89-B92F-6C1DE1A871EF}"
EndProject
Project("{FAE04EC0-301F-11D3-BF4B-00C04F79EFBC}") = "05.CharacterStats", "05.CharacterStats\05.CharacterStats.csproj", "{B45D8D40-FEE6-4DB4-8E6A-2B4EA1F084DC}"
EndProject
Global
	GlobalSection(SolutionConfigurationPlatforms) = preSolution
		Debug|Any CPU = Debug|Any CPU
		Release|Any CPU = Release|Any CPU
	EndGlobalSection
	GlobalSection(ProjectConfigurationPlatforms) = postSolution
		{4FBD87AD-A1EF-4843-9EDD-9E39E2E5FE0F}.Debug|Any CPU.ActiveCfg = Debug|Any CPU
		{4FBD87AD-A1EF-4843-9EDD-9E39E2E5FE0F}.Debug|Any CPU.Build.0 = Debug|Any CPU
		{4FBD87AD-A1EF-4843-9EDD-9E39E2E5FE0F}.Release|Any CPU.ActiveCfg = Release|Any CPU
		{4FBD87AD-A1EF-4843-9EDD-9E39E2E5FE0F}.Release|Any CPU.Build.0 = Release|Any CPU
		{085697DC-6195-419B-9F7D-638CACA1D4B3}.Debug|Any CPU.ActiveCfg = Debug|Any CPU
		{085697DC-6195-419B-9F7D-638CACA1D4B3}.Debug|Any CPU.Build.0 = Debug|Any CPU
		{085697DC-6195-419B-9F7D-638CACA1D4B3}.Release|Any CPU.ActiveCfg = Release|Any CPU
		{085697DC-6195-419B-9F7D-638CACA1D4B3}.Release|Any CPU.Build.0 = Release|Any CPU
		{5B8E39BC-A148-427D-9C82-941FF3AF61CD}.Debug|Any CPU.ActiveCfg = Debug|Any CPU
		{5B8E39BC-A148-427D-9C82-941FF3AF61CD}.Debug|Any CPU.Build.0 = Debug|Any CPU
		{5B8E39BC-A148-427D-9C82-941FF3AF61CD}.Release|Any CPU.ActiveCfg = Release|Any CPU
		{5B8E39BC-A148-427D-9C82-941FF3AF61CD}.Release|Any CPU.Build.0 = Release|Any CPU
		{8EE0D920-3084-4D89-B92F-6C1DE1A871EF}.Debug|Any CPU.ActiveCfg = Debug|Any CPU
		{8EE0D920-3084-4D89-B92F-6C1DE1A871EF}.Debug|Any CPU.Build.0 = Debug|Any CPU
		{8EE0D920-3084-4D89-B92F-6C1DE1A871EF}.Release|Any CPU.ActiveCfg = Release|Any CPU
		{8EE0D920-3084-4D89-B92F-6C1DE1A871EF}.Release|Any CPU.Build.0 = Release|Any CPU
		{B45D8D40-FEE6-4DB4-8E6A-2B4EA1F084DC}.Debug|Any CPU.ActiveCfg = Debug|Any CPU
		{B45D8D40-FEE6-4DB4-8E6A-2B4EA1F084DC}.Debug|Any CPU.Build.0 = Debug|Any CPU
		{B45D8D40-FEE6-4DB4-8E6A-2B4EA1F084DC}.Release|Any CPU.ActiveCfg = Release|Any CPU
		{B45D8D40-FEE6-4DB4-8E6A-2B4EA1F084DC}.Release|Any CPU.Build.0 = Release|Any CPU
	EndGlobalSection
	GlobalSection(SolutionProperties) = preSolution
		HideSolutionNode = FALSE
	EndGlobalSection
	GlobalSection(ExtensibilityGlobals) = postSolution
		SolutionGuid = {14D5F1A8-B7B7-46C2-9E85-ED09DA3FC149}
	EndGlobalSection
EndGlobal
